
Microsoft Visual Studio Solution File, Format Version 12.00
# Visual Studio Version 16
VisualStudioVersion = 16.0.28714.193
MinimumVisualStudioVersion = 10.0.40219.1
Project("{FAE04EC0-301F-11D3-BF4B-00C04F79EFBC}") = "CreateSamplesGUI", "CreateSamplesGUI\CreateSamplesGUI.csproj", "{DF9D5FCD-BCFB-44C6-9A79-29E0CFD7B33A}"
EndProject
Global
	GlobalSection(SolutionConfigurationPlatforms) = preSolution
		Debug|Any CPU = Debug|Any CPU
		Release|Any CPU = Release|Any CPU
	EndGlobalSection
	GlobalSection(ProjectConfigurationPlatforms) = postSolution
		{DF9D5FCD-BCFB-44C6-9A79-29E0CFD7B33A}.Debug|Any CPU.ActiveCfg = Debug|Any CPU
		{DF9D5FCD-BCFB-44C6-9A79-29E0CFD7B33A}.Debug|Any CPU.Build.0 = Debug|Any CPU
		{DF9D5FCD-BCFB-44C6-9A79-29E0CFD7B33A}.Release|Any CPU.ActiveCfg = Release|Any CPU
		{DF9D5FCD-BCFB-44C6-9A79-29E0CFD7B33A}.Release|Any CPU.Build.0 = Release|Any CPU
	EndGlobalSection
	GlobalSection(SolutionProperties) = preSolution
		HideSolutionNode = FALSE
	EndGlobalSection
	GlobalSection(ExtensibilityGlobals) = postSolution
		SolutionGuid = {5ACC6D74-8807-4FDF-88BB-67ED32E05626}
	EndGlobalSection
EndGlobal
